
Microsoft Visual Studio Solution File, Format Version 12.00
# Visual Studio Version 17
VisualStudioVersion = 17.14.36915.13 d17.14
MinimumVisualStudioVersion = 10.0.40219.1
Project("{FAE04EC0-301F-11D3-BF4B-00C04F79EFBC}") = "FSCopilot", "FSCopilot.csproj", "{B9637324-A6FC-4C54-ADD7-5AF5523B8B04}"
EndProject
Global
	GlobalSection(SolutionConfigurationPlatforms) = preSolution
		Debug|Any CPU = Debug|Any CPU
		Debug|x64 = Debug|x64
		Release|Any CPU = Release|Any CPU
		Release|x64 = Release|x64
	EndGlobalSection
	GlobalSection(ProjectConfigurationPlatforms) = postSolution
		{B9637324-A6FC-4C54-ADD7-5AF5523B8B04}.Debug|Any CPU.ActiveCfg = Debug|Any CPU
		{B9637324-A6FC-4C54-ADD7-5AF5523B8B04}.Debug|Any CPU.Build.0 = Debug|Any CPU
		{B9637324-A6FC-4C54-ADD7-5AF5523B8B04}.Debug|x64.ActiveCfg = Debug|x64
		{B9637324-A6FC-4C54-ADD7-5AF5523B8B04}.Debug|x64.Build.0 = Debug|x64
		{B9637324-A6FC-4C54-ADD7-5AF5523B8B04}.Release|Any CPU.ActiveCfg = Release|Any CPU
		{B9637324-A6FC-4C54-ADD7-5AF5523B8B04}.Release|Any CPU.Build.0 = Release|Any CPU
		{B9637324-A6FC-4C54-ADD7-5AF5523B8B04}.Release|x64.ActiveCfg = Release|x64
		{B9637324-A6FC-4C54-ADD7-5AF5523B8B04}.Release|x64.Build.0 = Release|x64
	EndGlobalSection
	GlobalSection(SolutionProperties) = preSolution
		HideSolutionNode = FALSE
	EndGlobalSection
	GlobalSection(ExtensibilityGlobals) = postSolution
		SolutionGuid = {90F44DFC-6B4F-4E29-AF40-B71546F2F7E6}
	EndGlobalSection
EndGlobal
